// !$*UTF8*$!
{
	archiveVersion = 1;
	classes = {
	};
	objectVersion = 46;
	objects = {

/* Begin PBXBuildFile section */
		C34DA08B1BC2DDFF0047B5E3 /* MapKit.framework in Frameworks */ = {isa = PBXBuildFile; fileRef = C34DA08A1BC2DDFF0047B5E3 /* MapKit.framework */; settings = {ASSET_TAGS = (); }; };
		C3B6683F1BBEE8920046A078 /* AppDelegate.m in Sources */ = {isa = PBXBuildFile; fileRef = C3B6683E1BBEE8920046A078 /* AppDelegate.m */; };
		C3B668421BBEE8920046A078 /* main.m in Sources */ = {isa = PBXBuildFile; fileRef = C3B668411BBEE8920046A078 /* main.m */; };
		C3B668441BBEE8920046A078 /* Assets.xcassets in Resources */ = {isa = PBXBuildFile; fileRef = C3B668431BBEE8920046A078 /* Assets.xcassets */; };
		C3B668471BBEE8930046A078 /* MainMenu.xib in Resources */ = {isa = PBXBuildFile; fileRef = C3B668451BBEE8930046A078 /* MainMenu.xib */; };
		C3D944731BBF990600555AE0 /* GGATableViewController.m in Sources */ = {isa = PBXBuildFile; fileRef = C3D944721BBF990600555AE0 /* GGATableViewController.m */; settings = {ASSET_TAGS = (); }; };
		C3EB6D781BBEF1A000CF0A4A /* GGA.m in Sources */ = {isa = PBXBuildFile; fileRef = C3EB6D771BBEF1A000CF0A4A /* GGA.m */; settings = {ASSET_TAGS = (); }; };
		C3EB6D7F1BBF4E4800CF0A4A /* test_data.txt in Resources */ = {isa = PBXBuildFile; fileRef = C3EB6D7E1BBF4E4800CF0A4A /* test_data.txt */; settings = {ASSET_TAGS = (); }; };
/* End PBXBuildFile section */

/* Begin PBXFileReference section */
		C34DA08A1BC2DDFF0047B5E3 /* MapKit.framework */ = {isa = PBXFileReference; lastKnownFileType = wrapper.framework; name = MapKit.framework; path = ../../../../../../System/Library/Frameworks/MapKit.framework; sourceTree = "<group>"; };
		C3B6683A1BBEE8920046A078 /* Geoid.app */ = {isa = PBXFileReference; explicitFileType = wrapper.application; includeInIndex = 0; path = Geoid.app; sourceTree = BUILT_PRODUCTS_DIR; };
		C3B6683D1BBEE8920046A078 /* AppDelegate.h */ = {isa = PBXFileReference; lastKnownFileType = sourcecode.c.h; path = AppDelegate.h; sourceTree = "<group>"; };
		C3B6683E1BBEE8920046A078 /* AppDelegate.m */ = {isa = PBXFileReference; lastKnownFileType = sourcecode.c.objc; path = AppDelegate.m; sourceTree = "<group>"; };
		C3B668411BBEE8920046A078 /* main.m */ = {isa = PBXFileReference; lastKnownFileType = sourcecode.c.objc; path = main.m; sourceTree = "<group>"; };
		C3B668431BBEE8920046A078 /* Assets.xcassets */ = {isa = PBXFileReference; lastKnownFileType = folder.assetcatalog; path = Assets.xcassets; sourceTree = "<group>"; };
		C3B668461BBEE8930046A078 /* Base */ = {isa = PBXFileReference; lastKnownFileType = file.xib; name = Base; path = Base.lproj/MainMenu.xib; sourceTree = "<group>"; };
		C3B668481BBEE8930046A078 /* Info.plist */ = {isa = PBXFileReference; lastKnownFileType = text.plist.xml; path = Info.plist; sourceTree = "<group>"; };
		C3D944711BBF990600555AE0 /* GGATableViewController.h */ = {isa = PBXFileReference; fileEncoding = 4; lastKnownFileType = sourcecode.c.h; path = GGATableViewController.h; sourceTree = "<group>"; };
		C3D944721BBF990600555AE0 /* GGATableViewController.m */ = {isa = PBXFileReference; fileEncoding = 4; lastKnownFileType = sourcecode.c.objc; path = GGATableViewController.m; sourceTree = "<group>"; };
		C3EB6D761BBEF1A000CF0A4A /* GGA.h */ = {isa = PBXFileReference; fileEncoding = 4; lastKnownFileType = sourcecode.c.h; path = GGA.h; sourceTree = "<group>"; };
		C3EB6D771BBEF1A000CF0A4A /* GGA.m */ = {isa = PBXFileReference; fileEncoding = 4; lastKnownFileType = sourcecode.c.objc; path = GGA.m; sourceTree = "<group>"; };
		C3EB6D7E1BBF4E4800CF0A4A /* test_data.txt */ = {isa = PBXFileReference; fileEncoding = 4; lastKnownFileType = text; path = test_data.txt; sourceTree = "<group>"; };
/* End PBXFileReference section */

/* Begin PBXFrameworksBuildPhase section */
		C3B668371BBEE8920046A078 /* Frameworks */ = {
			isa = PBXFrameworksBuildPhase;
			buildActionMask = 2147483647;
			files = (
				C34DA08B1BC2DDFF0047B5E3 /* MapKit.framework in Frameworks */,
			);
			runOnlyForDeploymentPostprocessing = 0;
		};
/* End PBXFrameworksBuildPhase section */

/* Begin PBXGroup section */
		C3B668311BBEE8920046A078 = {
			isa = PBXGroup;
			children = (
				C34DA08A1BC2DDFF0047B5E3 /* MapKit.framework */,
				C3B6683C1BBEE8920046A078 /* Geoid */,
				C3B6683B1BBEE8920046A078 /* Products */,
			);
			sourceTree = "<group>";
		};
		C3B6683B1BBEE8920046A078 /* Products */ = {
			isa = PBXGroup;
			children = (
				C3B6683A1BBEE8920046A078 /* Geoid.app */,
			);
			name = Products;
			sourceTree = "<group>";
		};
		C3B6683C1BBEE8920046A078 /* Geoid */ = {
			isa = PBXGroup;
			children = (
				C3EB6D811BBF58AD00CF0A4A /* Test */,
				C3EB6D801BBF588800CF0A4A /* GGA */,
				C3B6683D1BBEE8920046A078 /* AppDelegate.h */,
				C3B6683E1BBEE8920046A078 /* AppDelegate.m */,
				C3B668431BBEE8920046A078 /* Assets.xcassets */,
				C3B668451BBEE8930046A078 /* MainMenu.xib */,
				C3B668481BBEE8930046A078 /* Info.plist */,
				C3B668401BBEE8920046A078 /* Supporting Files */,
			);
			path = Geoid;
			sourceTree = "<group>";
		};
		C3B668401BBEE8920046A078 /* Supporting Files */ = {
			isa = PBXGroup;
			children = (
				C3B668411BBEE8920046A078 /* main.m */,
			);
			name = "Supporting Files";
			sourceTree = "<group>";
		};
		C3EB6D801BBF588800CF0A4A /* GGA */ = {
			isa = PBXGroup;
			children = (
				C3EB6D761BBEF1A000CF0A4A /* GGA.h */,
				C3EB6D771BBEF1A000CF0A4A /* GGA.m */,
				C3D944711BBF990600555AE0 /* GGATableViewController.h */,
				C3D944721BBF990600555AE0 /* GGATableViewController.m */,
			);
			name = GGA;
			sourceTree = "<group>";
		};
		C3EB6D811BBF58AD00CF0A4A /* Test */ = {
			isa = PBXGroup;
			children = (
				C3EB6D7E1BBF4E4800CF0A4A /* test_data.txt */,
			);
			name = Test;
			sourceTree = "<group>";
		};
/* End PBXGroup section */

/* Begin PBXNativeTarget section */
		C3B668391BBEE8920046A078 /* Geoid */ = {
			isa = PBXNativeTarget;
			buildConfigurationList = C3B6684B1BBEE8930046A078 /* Build configuration list for PBXNativeTarget "Geoid" */;
			buildPhases = (
				C3B668361BBEE8920046A078 /* Sources */,
				C3B668371BBEE8920046A078 /* Frameworks */,
				C3B668381BBEE8920046A078 /* Resources */,
			);
			buildRules = (
			);
			dependencies = (
			);
			name = Geoid;
			productName = Geoid;
			productReference = C3B6683A1BBEE8920046A078 /* Geoid.app */;
			productType = "com.apple.product-type.application";
		};
/* End PBXNativeTarget section */

/* Begin PBXProject section */
		C3B668321BBEE8920046A078 /* Project object */ = {
			isa = PBXProject;
			attributes = {
				LastUpgradeCheck = 0700;
				ORGANIZATIONNAME = "Cody Smith";
				TargetAttributes = {
					C3B668391BBEE8920046A078 = {
						CreatedOnToolsVersion = 7.0.1;
					};
				};
			};
			buildConfigurationList = C3B668351BBEE8920046A078 /* Build configuration list for PBXProject "Geoid" */;
			compatibilityVersion = "Xcode 3.2";
			developmentRegion = English;
			hasScannedForEncodings = 0;
			knownRegions = (
				en,
				Base,
			);
			mainGroup = C3B668311BBEE8920046A078;
			productRefGroup = C3B6683B1BBEE8920046A078 /* Products */;
			projectDirPath = "";
			projectRoot = "";
			targets = (
				C3B668391BBEE8920046A078 /* Geoid */,
			);
		};
/* End PBXProject section */

/* Begin PBXResourcesBuildPhase section */
		C3B668381BBEE8920046A078 /* Resources */ = {
			isa = PBXResourcesBuildPhase;
			buildActionMask = 2147483647;
			files = (
				C3B668441BBEE8920046A078 /* Assets.xcassets in Resources */,
				C3EB6D7F1BBF4E4800CF0A4A /* test_data.txt in Resources */,
				C3B668471BBEE8930046A078 /* MainMenu.xib in Resources */,
			);
			runOnlyForDeploymentPostprocessing = 0;
		};
/* End PBXResourcesBuildPhase section */

/* Begin PBXSourcesBuildPhase section */
		C3B668361BBEE8920046A078 /* Sources */ = {
			isa = PBXSourcesBuildPhase;
			buildActionMask = 2147483647;
			files = (
				C3EB6D781BBEF1A000CF0A4A /* GGA.m in Sources */,
				C3D944731BBF990600555AE0 /* GGATableViewController.m in Sources */,
				C3B668421BBEE8920046A078 /* main.m in Sources */,
				C3B6683F1BBEE8920046A078 /* AppDelegate.m in Sources */,
			);
			runOnlyForDeploymentPostprocessing = 0;
		};
/* End PBXSourcesBuildPhase section */

/* Begin PBXVariantGroup section */
		C3B668451BBEE8930046A078 /* MainMenu.xib */ = {
			isa = PBXVariantGroup;
			children = (
				C3B668461BBEE8930046A078 /* Base */,
			);
			name = MainMenu.xib;
			sourceTree = "<group>";
		};
/* End PBXVariantGroup section */

/* Begin XCBuildConfiguration section */
		C3B668491BBEE8930046A078 /* Debug */ = {
			isa = XCBuildConfiguration;
			buildSettings = {
				ALWAYS_SEARCH_USER_PATHS = NO;
				CLANG_CXX_LANGUAGE_STANDARD = "gnu++0x";
				CLANG_CXX_LIBRARY = "libc++";
				CLANG_ENABLE_MODULES = YES;
				CLANG_ENABLE_OBJC_ARC = YES;
				CLANG_WARN_BOOL_CONVERSION = YES;
				CLANG_WARN_CONSTANT_CONVERSION = YES;
				CLANG_WARN_DIRECT_OBJC_ISA_USAGE = YES_ERROR;
				CLANG_WARN_EMPTY_BODY = YES;
				CLANG_WARN_ENUM_CONVERSION = YES;
				CLANG_WARN_INT_CONVERSION = YES;
				CLANG_WARN_OBJC_ROOT_CLASS = YES_ERROR;
				CLANG_WARN_UNREACHABLE_CODE = YES;
				CLANG_WARN__DUPLICATE_METHOD_MATCH = YES;
				CODE_SIGN_IDENTITY = "-";
				COPY_PHASE_STRIP = NO;
				DEBUG_INFORMATION_FORMAT = dwarf;
				ENABLE_STRICT_OBJC_MSGSEND = YES;
				ENABLE_TESTABILITY = YES;
				GCC_C_LANGUAGE_STANDARD = gnu99;
				GCC_DYNAMIC_NO_PIC = NO;
				GCC_NO_COMMON_BLOCKS = YES;
				GCC_OPTIMIZATION_LEVEL = 0;
				GCC_PREPROCESSOR_DEFINITIONS = (
					"DEBUG=1",
					"$(inherited)",
				);
				GCC_WARN_64_TO_32_BIT_CONVERSION = YES;
				GCC_WARN_ABOUT_RETURN_TYPE = YES_ERROR;
				GCC_WARN_UNDECLARED_SELECTOR = YES;
				GCC_WARN_UNINITIALIZED_AUTOS = YES_AGGRESSIVE;
				GCC_WARN_UNUSED_FUNCTION = YES;
				GCC_WARN_UNUSED_VARIABLE = YES;
				MACOSX_DEPLOYMENT_TARGET = 10.11;
				MTL_ENABLE_DEBUG_INFO = YES;
				ONLY_ACTIVE_ARCH = YES;
				SDKROOT = macosx;
			};
			name = Debug;
		};
		C3B6684A1BBEE8930046A078 /* Release */ = {
			isa = XCBuildConfiguration;
			buildSettings = {
				ALWAYS_SEARCH_USER_PATHS = NO;
				CLANG_CXX_LANGUAGE_STANDARD = "gnu++0x";
				CLANG_CXX_LIBRARY = "libc++";
				CLANG_ENABLE_MODULES = YES;
				CLANG_ENABLE_OBJC_ARC = YES;
				CLANG_WARN_BOOL_CONVERSION = YES;
				CLANG_WARN_CONSTANT_CONVERSION = YES;
				CLANG_WARN_DIRECT_OBJC_ISA_USAGE = YES_ERROR;
				CLANG_WARN_EMPTY_BODY = YES;
				CLANG_WARN_ENUM_CONVERSION = YES;
				CLANG_WARN_INT_CONVERSION = YES;
				CLANG_WARN_OBJC_ROOT_CLASS = YES_ERROR;
				CLANG_WARN_UNREACHABLE_CODE = YES;
				CLANG_WARN__DUPLICATE_METHOD_MATCH = YES;
				CODE_SIGN_IDENTITY = "-";
				COPY_PHASE_STRIP = NO;
				DEBUG_INFORMATION_FORMAT = "dwarf-with-dsym";
				ENABLE_NS_ASSERTIONS = NO;
				ENABLE_STRICT_OBJC_MSGSEND = YES;
				GCC_C_LANGUAGE_STANDARD = gnu99;
				GCC_NO_COMMON_BLOCKS = YES;
				GCC_WARN_64_TO_32_BIT_CONVERSION = YES;
				GCC_WARN_ABOUT_RETURN_TYPE = YES_ERROR;
				GCC_WARN_UNDECLARED_SELECTOR = YES;
				GCC_WARN_UNINITIALIZED_AUTOS = YES_AGGRESSIVE;
				GCC_WARN_UNUSED_FUNCTION = YES;
				GCC_WARN_UNUSED_VARIABLE = YES;
				MACOSX_DEPLOYMENT_TARGET = 10.11;
				MTL_ENABLE_DEBUG_INFO = NO;
				SDKROOT = macosx;
			};
			name = Release;
		};
		C3B6684C1BBEE8930046A078 /* Debug */ = {
			isa = XCBuildConfiguration;
			buildSettings = {
				ASSETCATALOG_COMPILER_APPICON_NAME = AppIcon;
				COMBINE_HIDPI_IMAGES = YES;
				INFOPLIST_FILE = Geoid/Info.plist;
				LD_RUNPATH_SEARCH_PATHS = "$(inherited) @executable_path/../Frameworks";
				PRODUCT_BUNDLE_IDENTIFIER = com.flynn.Geoid;
				PRODUCT_NAME = "$(TARGET_NAME)";
			};
			name = Debug;
		};
		C3B6684D1BBEE8930046A078 /* Release */ = {
			isa = XCBuildConfiguration;
			buildSettings = {
				ASSETCATALOG_COMPILER_APPICON_NAME = AppIcon;
				COMBINE_HIDPI_IMAGES = YES;
				INFOPLIST_FILE = Geoid/Info.plist;
				LD_RUNPATH_SEARCH_PATHS = "$(inherited) @executable_path/../Frameworks";
				PRODUCT_BUNDLE_IDENTIFIER = com.flynn.Geoid;
				PRODUCT_NAME = "$(TARGET_NAME)";
			};
			name = Release;
		};
/* End XCBuildConfiguration section */

/* Begin XCConfigurationList section */
		C3B668351BBEE8920046A078 /* Build configuration list for PBXProject "Geoid" */ = {
			isa = XCConfigurationList;
			buildConfigurations = (
				C3B668491BBEE8930046A078 /* Debug */,
				C3B6684A1BBEE8930046A078 /* Release */,
			);
			defaultConfigurationIsVisible = 0;
			defaultConfigurationName = Release;
		};
		C3B6684B1BBEE8930046A078 /* Build configuration list for PBXNativeTarget "Geoid" */ = {
			isa = XCConfigurationList;
			buildConfigurations = (
				C3B6684C1BBEE8930046A078 /* Debug */,
				C3B6684D1BBEE8930046A078 /* Release */,
			);
			defaultConfigurationIsVisible = 0;
			defaultConfigurationName = Release;
		};
/* End XCConfigurationList section */
	};
	rootObject = C3B668321BBEE8920046A078 /* Project object */;
}
