// !$*UTF8*$!
{
	archiveVersion = 1;
	classes = {
	};
	objectVersion = 46;
	objects = {

/* Begin PBXBuildFile section */
		C334759E1BBE2B9F0077142F /* AppDelegate.m in Sources */ = {isa = PBXBuildFile; fileRef = C334759D1BBE2B9F0077142F /* AppDelegate.m */; };
		C33475A11BBE2B9F0077142F /* main.m in Sources */ = {isa = PBXBuildFile; fileRef = C33475A01BBE2B9F0077142F /* main.m */; };
		C33475A31BBE2B9F0077142F /* Assets.xcassets in Resources */ = {isa = PBXBuildFile; fileRef = C33475A21BBE2B9F0077142F /* Assets.xcassets */; };
		C33475A61BBE2B9F0077142F /* MainMenu.xib in Resources */ = {isa = PBXBuildFile; fileRef = C33475A41BBE2B9F0077142F /* MainMenu.xib */; };
		C33475AF1BBE2BE00077142F /* GGA.m in Sources */ = {isa = PBXBuildFile; fileRef = C33475AE1BBE2BE00077142F /* GGA.m */; settings = {ASSET_TAGS = (); }; };
/* End PBXBuildFile section */

/* Begin PBXFileReference section */
		C33475991BBE2B9F0077142F /* Geoid.app */ = {isa = PBXFileReference; explicitFileType = wrapper.application; includeInIndex = 0; path = Geoid.app; sourceTree = BUILT_PRODUCTS_DIR; };
		C334759C1BBE2B9F0077142F /* AppDelegate.h */ = {isa = PBXFileReference; lastKnownFileType = sourcecode.c.h; path = AppDelegate.h; sourceTree = "<group>"; };
		C334759D1BBE2B9F0077142F /* AppDelegate.m */ = {isa = PBXFileReference; lastKnownFileType = sourcecode.c.objc; path = AppDelegate.m; sourceTree = "<group>"; };
		C33475A01BBE2B9F0077142F /* main.m */ = {isa = PBXFileReference; lastKnownFileType = sourcecode.c.objc; path = main.m; sourceTree = "<group>"; };
		C33475A21BBE2B9F0077142F /* Assets.xcassets */ = {isa = PBXFileReference; lastKnownFileType = folder.assetcatalog; path = Assets.xcassets; sourceTree = "<group>"; };
		C33475A51BBE2B9F0077142F /* Base */ = {isa = PBXFileReference; lastKnownFileType = file.xib; name = Base; path = Base.lproj/MainMenu.xib; sourceTree = "<group>"; };
		C33475A71BBE2B9F0077142F /* Info.plist */ = {isa = PBXFileReference; lastKnownFileType = text.plist.xml; path = Info.plist; sourceTree = "<group>"; };
		C33475AD1BBE2BE00077142F /* GGA.h */ = {isa = PBXFileReference; fileEncoding = 4; lastKnownFileType = sourcecode.c.h; name = GGA.h; path = Geobugger/GGA.h; sourceTree = "<group>"; };
		C33475AE1BBE2BE00077142F /* GGA.m */ = {isa = PBXFileReference; fileEncoding = 4; lastKnownFileType = sourcecode.c.objc; name = GGA.m; path = Geobugger/GGA.m; sourceTree = "<group>"; };
/* End PBXFileReference section */

/* Begin PBXFrameworksBuildPhase section */
		C33475961BBE2B9F0077142F /* Frameworks */ = {
			isa = PBXFrameworksBuildPhase;
			buildActionMask = 2147483647;
			files = (
			);
			runOnlyForDeploymentPostprocessing = 0;
		};
/* End PBXFrameworksBuildPhase section */

/* Begin PBXGroup section */
		C33475901BBE2B9F0077142F = {
			isa = PBXGroup;
			children = (
				C33475AD1BBE2BE00077142F /* GGA.h */,
				C33475AE1BBE2BE00077142F /* GGA.m */,
				C334759B1BBE2B9F0077142F /* Geobugger */,
				C334759A1BBE2B9F0077142F /* Products */,
			);
			sourceTree = "<group>";
		};
		C334759A1BBE2B9F0077142F /* Products */ = {
			isa = PBXGroup;
			children = (
				C33475991BBE2B9F0077142F /* Geoid.app */,
			);
			name = Products;
			sourceTree = "<group>";
		};
		C334759B1BBE2B9F0077142F /* Geobugger */ = {
			isa = PBXGroup;
			children = (
				C334759C1BBE2B9F0077142F /* AppDelegate.h */,
				C334759D1BBE2B9F0077142F /* AppDelegate.m */,
				C33475A21BBE2B9F0077142F /* Assets.xcassets */,
				C33475A41BBE2B9F0077142F /* MainMenu.xib */,
				C33475A71BBE2B9F0077142F /* Info.plist */,
				C334759F1BBE2B9F0077142F /* Supporting Files */,
			);
			path = Geobugger;
			sourceTree = "<group>";
		};
		C334759F1BBE2B9F0077142F /* Supporting Files */ = {
			isa = PBXGroup;
			children = (
				C33475A01BBE2B9F0077142F /* main.m */,
			);
			name = "Supporting Files";
			sourceTree = "<group>";
		};
/* End PBXGroup section */

/* Begin PBXNativeTarget section */
		C33475981BBE2B9F0077142F /* Geoid */ = {
			isa = PBXNativeTarget;
			buildConfigurationList = C33475AA1BBE2B9F0077142F /* Build configuration list for PBXNativeTarget "Geoid" */;
			buildPhases = (
				C33475951BBE2B9F0077142F /* Sources */,
				C33475961BBE2B9F0077142F /* Frameworks */,
				C33475971BBE2B9F0077142F /* Resources */,
			);
			buildRules = (
			);
			dependencies = (
			);
			name = Geoid;
			productName = Geobugger;
			productReference = C33475991BBE2B9F0077142F /* Geoid.app */;
			productType = "com.apple.product-type.application";
		};
/* End PBXNativeTarget section */

/* Begin PBXProject section */
		C33475911BBE2B9F0077142F /* Project object */ = {
			isa = PBXProject;
			attributes = {
				LastUpgradeCheck = 0700;
				ORGANIZATIONNAME = "Cody Smith";
				TargetAttributes = {
					C33475981BBE2B9F0077142F = {
						CreatedOnToolsVersion = 7.0.1;
					};
				};
			};
			buildConfigurationList = C33475941BBE2B9F0077142F /* Build configuration list for PBXProject "Geoid" */;
			compatibilityVersion = "Xcode 3.2";
			developmentRegion = English;
			hasScannedForEncodings = 0;
			knownRegions = (
				en,
				Base,
			);
			mainGroup = C33475901BBE2B9F0077142F;
			productRefGroup = C334759A1BBE2B9F0077142F /* Products */;
			projectDirPath = "";
			projectRoot = "";
			targets = (
				C33475981BBE2B9F0077142F /* Geoid */,
			);
		};
/* End PBXProject section */

/* Begin PBXResourcesBuildPhase section */
		C33475971BBE2B9F0077142F /* Resources */ = {
			isa = PBXResourcesBuildPhase;
			buildActionMask = 2147483647;
			files = (
				C33475A31BBE2B9F0077142F /* Assets.xcassets in Resources */,
				C33475A61BBE2B9F0077142F /* MainMenu.xib in Resources */,
			);
			runOnlyForDeploymentPostprocessing = 0;
		};
/* End PBXResourcesBuildPhase section */

/* Begin PBXSourcesBuildPhase section */
		C33475951BBE2B9F0077142F /* Sources */ = {
			isa = PBXSourcesBuildPhase;
			buildActionMask = 2147483647;
			files = (
				C33475AF1BBE2BE00077142F /* GGA.m in Sources */,
				C33475A11BBE2B9F0077142F /* main.m in Sources */,
				C334759E1BBE2B9F0077142F /* AppDelegate.m in Sources */,
			);
			runOnlyForDeploymentPostprocessing = 0;
		};
/* End PBXSourcesBuildPhase section */

/* Begin PBXVariantGroup section */
		C33475A41BBE2B9F0077142F /* MainMenu.xib */ = {
			isa = PBXVariantGroup;
			children = (
				C33475A51BBE2B9F0077142F /* Base */,
			);
			name = MainMenu.xib;
			sourceTree = "<group>";
		};
/* End PBXVariantGroup section */

/* Begin XCBuildConfiguration section */
		C33475A81BBE2B9F0077142F /* Debug */ = {
			isa = XCBuildConfiguration;
			buildSettings = {
				ALWAYS_SEARCH_USER_PATHS = NO;
				CLANG_CXX_LANGUAGE_STANDARD = "gnu++0x";
				CLANG_CXX_LIBRARY = "libc++";
				CLANG_ENABLE_MODULES = YES;
				CLANG_ENABLE_OBJC_ARC = YES;
				CLANG_WARN_BOOL_CONVERSION = YES;
				CLANG_WARN_CONSTANT_CONVERSION = YES;
				CLANG_WARN_DIRECT_OBJC_ISA_USAGE = YES_ERROR;
				CLANG_WARN_EMPTY_BODY = YES;
				CLANG_WARN_ENUM_CONVERSION = YES;
				CLANG_WARN_INT_CONVERSION = YES;
				CLANG_WARN_OBJC_ROOT_CLASS = YES_ERROR;
				CLANG_WARN_UNREACHABLE_CODE = YES;
				CLANG_WARN__DUPLICATE_METHOD_MATCH = YES;
				CODE_SIGN_IDENTITY = "-";
				COPY_PHASE_STRIP = NO;
				DEBUG_INFORMATION_FORMAT = dwarf;
				ENABLE_STRICT_OBJC_MSGSEND = YES;
				ENABLE_TESTABILITY = YES;
				GCC_C_LANGUAGE_STANDARD = gnu99;
				GCC_DYNAMIC_NO_PIC = NO;
				GCC_NO_COMMON_BLOCKS = YES;
				GCC_OPTIMIZATION_LEVEL = 0;
				GCC_PREPROCESSOR_DEFINITIONS = (
					"DEBUG=1",
					"$(inherited)",
				);
				GCC_WARN_64_TO_32_BIT_CONVERSION = YES;
				GCC_WARN_ABOUT_RETURN_TYPE = YES_ERROR;
				GCC_WARN_UNDECLARED_SELECTOR = YES;
				GCC_WARN_UNINITIALIZED_AUTOS = YES_AGGRESSIVE;
				GCC_WARN_UNUSED_FUNCTION = YES;
				GCC_WARN_UNUSED_VARIABLE = YES;
				MACOSX_DEPLOYMENT_TARGET = 10.11;
				MTL_ENABLE_DEBUG_INFO = YES;
				ONLY_ACTIVE_ARCH = YES;
				SDKROOT = macosx;
			};
			name = Debug;
		};
		C33475A91BBE2B9F0077142F /* Release */ = {
			isa = XCBuildConfiguration;
			buildSettings = {
				ALWAYS_SEARCH_USER_PATHS = NO;
				CLANG_CXX_LANGUAGE_STANDARD = "gnu++0x";
				CLANG_CXX_LIBRARY = "libc++";
				CLANG_ENABLE_MODULES = YES;
				CLANG_ENABLE_OBJC_ARC = YES;
				CLANG_WARN_BOOL_CONVERSION = YES;
				CLANG_WARN_CONSTANT_CONVERSION = YES;
				CLANG_WARN_DIRECT_OBJC_ISA_USAGE = YES_ERROR;
				CLANG_WARN_EMPTY_BODY = YES;
				CLANG_WARN_ENUM_CONVERSION = YES;
				CLANG_WARN_INT_CONVERSION = YES;
				CLANG_WARN_OBJC_ROOT_CLASS = YES_ERROR;
				CLANG_WARN_UNREACHABLE_CODE = YES;
				CLANG_WARN__DUPLICATE_METHOD_MATCH = YES;
				CODE_SIGN_IDENTITY = "-";
				COPY_PHASE_STRIP = NO;
				DEBUG_INFORMATION_FORMAT = "dwarf-with-dsym";
				ENABLE_NS_ASSERTIONS = NO;
				ENABLE_STRICT_OBJC_MSGSEND = YES;
				GCC_C_LANGUAGE_STANDARD = gnu99;
				GCC_NO_COMMON_BLOCKS = YES;
				GCC_WARN_64_TO_32_BIT_CONVERSION = YES;
				GCC_WARN_ABOUT_RETURN_TYPE = YES_ERROR;
				GCC_WARN_UNDECLARED_SELECTOR = YES;
				GCC_WARN_UNINITIALIZED_AUTOS = YES_AGGRESSIVE;
				GCC_WARN_UNUSED_FUNCTION = YES;
				GCC_WARN_UNUSED_VARIABLE = YES;
				MACOSX_DEPLOYMENT_TARGET = 10.11;
				MTL_ENABLE_DEBUG_INFO = NO;
				SDKROOT = macosx;
			};
			name = Release;
		};
		C33475AB1BBE2B9F0077142F /* Debug */ = {
			isa = XCBuildConfiguration;
			buildSettings = {
				ASSETCATALOG_COMPILER_APPICON_NAME = AppIcon;
				COMBINE_HIDPI_IMAGES = YES;
				INFOPLIST_FILE = Geobugger/Info.plist;
				LD_RUNPATH_SEARCH_PATHS = "$(inherited) @executable_path/../Frameworks";
				PRODUCT_BUNDLE_IDENTIFIER = flynn.Geobugger;
				PRODUCT_NAME = Geoid;
			};
			name = Debug;
		};
		C33475AC1BBE2B9F0077142F /* Release */ = {
			isa = XCBuildConfiguration;
			buildSettings = {
				ASSETCATALOG_COMPILER_APPICON_NAME = AppIcon;
				COMBINE_HIDPI_IMAGES = YES;
				INFOPLIST_FILE = Geobugger/Info.plist;
				LD_RUNPATH_SEARCH_PATHS = "$(inherited) @executable_path/../Frameworks";
				PRODUCT_BUNDLE_IDENTIFIER = flynn.Geobugger;
				PRODUCT_NAME = Geoid;
			};
			name = Release;
		};
/* End XCBuildConfiguration section */

/* Begin XCConfigurationList section */
		C33475941BBE2B9F0077142F /* Build configuration list for PBXProject "Geoid" */ = {
			isa = XCConfigurationList;
			buildConfigurations = (
				C33475A81BBE2B9F0077142F /* Debug */,
				C33475A91BBE2B9F0077142F /* Release */,
			);
			defaultConfigurationIsVisible = 0;
			defaultConfigurationName = Release;
		};
		C33475AA1BBE2B9F0077142F /* Build configuration list for PBXNativeTarget "Geoid" */ = {
			isa = XCConfigurationList;
			buildConfigurations = (
				C33475AB1BBE2B9F0077142F /* Debug */,
				C33475AC1BBE2B9F0077142F /* Release */,
			);
			defaultConfigurationIsVisible = 0;
		};
/* End XCConfigurationList section */
	};
	rootObject = C33475911BBE2B9F0077142F /* Project object */;
}
